
Microsoft Visual Studio Solution File, Format Version 12.00
# Visual Studio Version 17
VisualStudioVersion = 17.12.35514.174 d17.12
MinimumVisualStudioVersion = 10.0.40219.1
Project("{FAE04EC0-301F-11D3-BF4B-00C04F79EFBC}") = "Muresan_Razvan_Lab5", "Muresan_Razvan_Lab5.csproj", "{B3FB6344-7C7A-42B9-8542-E88F6CF2610B}"
EndProject
Global
	GlobalSection(SolutionConfigurationPlatforms) = preSolution
		Debug|Any CPU = Debug|Any CPU
		Release|Any CPU = Release|Any CPU
	EndGlobalSection
	GlobalSection(ProjectConfigurationPlatforms) = postSolution
		{B3FB6344-7C7A-42B9-8542-E88F6CF2610B}.Debug|Any CPU.ActiveCfg = Debug|Any CPU
		{B3FB6344-7C7A-42B9-8542-E88F6CF2610B}.Debug|Any CPU.Build.0 = Debug|Any CPU
		{B3FB6344-7C7A-42B9-8542-E88F6CF2610B}.Release|Any CPU.ActiveCfg = Release|Any CPU
		{B3FB6344-7C7A-42B9-8542-E88F6CF2610B}.Release|Any CPU.Build.0 = Release|Any CPU
	EndGlobalSection
	GlobalSection(SolutionProperties) = preSolution
		HideSolutionNode = FALSE
	EndGlobalSection
EndGlobal
